
Microsoft Visual Studio Solution File, Format Version 11.00
# Visual Studio 2010
Project("{FAE04EC0-301F-11D3-BF4B-00C04F79EFBC}") = "Expressions", "Expressions\Expressions.csproj", "{CC920AB6-D51E-4227-AFAD-112C358B0FC8}"
EndProject
Project("{FAE04EC0-301F-11D3-BF4B-00C04F79EFBC}") = "Expressions.Test", "Expressions.Test\Expressions.Test.csproj", "{0BD2D942-77DA-4C6B-84C3-F33174E10BFF}"
EndProject
Project("{2150E333-8FDC-42A3-9474-1A3956D46DE8}") = "Solution Files", "Solution Files", "{EDB2E9A9-F60D-4B21-8671-1977D34899D4}"
	ProjectSection(SolutionItems) = preProject
		License.txt = License.txt
		README.markdown = README.markdown
	EndProjectSection
EndProject
Global
	GlobalSection(SolutionConfigurationPlatforms) = preSolution
		Debug|Any CPU = Debug|Any CPU
		Release|Any CPU = Release|Any CPU
	EndGlobalSection
	GlobalSection(ProjectConfigurationPlatforms) = postSolution
		{CC920AB6-D51E-4227-AFAD-112C358B0FC8}.Debug|Any CPU.ActiveCfg = Debug|Any CPU
		{CC920AB6-D51E-4227-AFAD-112C358B0FC8}.Debug|Any CPU.Build.0 = Debug|Any CPU
		{CC920AB6-D51E-4227-AFAD-112C358B0FC8}.Release|Any CPU.ActiveCfg = Release|Any CPU
		{CC920AB6-D51E-4227-AFAD-112C358B0FC8}.Release|Any CPU.Build.0 = Release|Any CPU
		{0BD2D942-77DA-4C6B-84C3-F33174E10BFF}.Debug|Any CPU.ActiveCfg = Debug|Any CPU
		{0BD2D942-77DA-4C6B-84C3-F33174E10BFF}.Debug|Any CPU.Build.0 = Debug|Any CPU
		{0BD2D942-77DA-4C6B-84C3-F33174E10BFF}.Release|Any CPU.ActiveCfg = Release|Any CPU
		{0BD2D942-77DA-4C6B-84C3-F33174E10BFF}.Release|Any CPU.Build.0 = Release|Any CPU
	EndGlobalSection
	GlobalSection(SolutionProperties) = preSolution
		HideSolutionNode = FALSE
	EndGlobalSection
EndGlobal
